// !$*UTF8*$!
{
	archiveVersion = 1;
	classes = {
	};
	objectVersion = 55;
	objects = {

/* Begin PBXBuildFile section */
		AA0C8D1D28DE3A8000E00F56 /* HeroCordinates.swift in Sources */ = {isa = PBXBuildFile; fileRef = AA0C8D1C28DE3A8000E00F56 /* HeroCordinates.swift */; };
		AA0C8D2428E08B2A00E00F56 /* KeyChainHelperSpy.swift in Sources */ = {isa = PBXBuildFile; fileRef = AA0C8D2328E08B2A00E00F56 /* KeyChainHelperSpy.swift */; };
		AA108C9528E59C50003DB813 /* TableViewModel.swift in Sources */ = {isa = PBXBuildFile; fileRef = AA108C9428E59C50003DB813 /* TableViewModel.swift */; };
		AA108C9A28E5A0EF003DB813 /* Hero+CoreDataClass.swift in Sources */ = {isa = PBXBuildFile; fileRef = AA108C9928E5A0EF003DB813 /* Hero+CoreDataClass.swift */; };
		AA108C9C28E5A1FB003DB813 /* HeroServices+CoreDataProperties.swift in Sources */ = {isa = PBXBuildFile; fileRef = AA108C9B28E5A1FB003DB813 /* HeroServices+CoreDataProperties.swift */; };
		AA108C9E28E5A593003DB813 /* TableViewController.xib in Resources */ = {isa = PBXBuildFile; fileRef = AA108C9D28E5A593003DB813 /* TableViewController.xib */; };
		AA108CA028E5A5DD003DB813 /* TableViewController.swift in Sources */ = {isa = PBXBuildFile; fileRef = AA108C9F28E5A5DD003DB813 /* TableViewController.swift */; };
		AA108CA328E5A7BD003DB813 /* TableViewCell.swift in Sources */ = {isa = PBXBuildFile; fileRef = AA108CA228E5A7BD003DB813 /* TableViewCell.swift */; };
		AA108CE828E5DF0D003DB813 /* TableViewCell.xib in Resources */ = {isa = PBXBuildFile; fileRef = AA108CE728E5DF0D003DB813 /* TableViewCell.xib */; };
		AA108CEA28E5DFB1003DB813 /* UIImageViewExtension.swift in Sources */ = {isa = PBXBuildFile; fileRef = AA108CE928E5DFB1003DB813 /* UIImageViewExtension.swift */; };
		AA108CEC28E6025E003DB813 /* LocalDataModel.swift in Sources */ = {isa = PBXBuildFile; fileRef = AA108CEB28E6025E003DB813 /* LocalDataModel.swift */; };
		AA14FA7628E4803600A236AA /* LoginViewController.xib in Resources */ = {isa = PBXBuildFile; fileRef = AA14FA7528E4803600A236AA /* LoginViewController.xib */; };
		AA4D836828E709C4001439FA /* HeroLocations+CoreDataClass.swift in Sources */ = {isa = PBXBuildFile; fileRef = AA4D836528E709C4001439FA /* HeroLocations+CoreDataClass.swift */; };
		AA4D836928E709C4001439FA /* HeroLocations+CoreDataProperties.swift in Sources */ = {isa = PBXBuildFile; fileRef = AA4D836628E709C4001439FA /* HeroLocations+CoreDataProperties.swift */; };
		AA5EC8D828D62F0600F4FA3B /* LoginViewModel.swift in Sources */ = {isa = PBXBuildFile; fileRef = AA5EC8D728D62F0600F4FA3B /* LoginViewModel.swift */; };
		AA5EC8DA28D62F1800F4FA3B /* LoginViewController.swift in Sources */ = {isa = PBXBuildFile; fileRef = AA5EC8D928D62F1800F4FA3B /* LoginViewController.swift */; };
		AAA3459B28D0F050001DC615 /* AppDelegate.swift in Sources */ = {isa = PBXBuildFile; fileRef = AAA3459A28D0F050001DC615 /* AppDelegate.swift */; };
		AAA3459D28D0F050001DC615 /* SceneDelegate.swift in Sources */ = {isa = PBXBuildFile; fileRef = AAA3459C28D0F050001DC615 /* SceneDelegate.swift */; };
		AAA3459F28D0F050001DC615 /* MapViewController.swift in Sources */ = {isa = PBXBuildFile; fileRef = AAA3459E28D0F050001DC615 /* MapViewController.swift */; };
		AAA345A528D0F050001DC615 /* AppleMaps.xcdatamodeld in Sources */ = {isa = PBXBuildFile; fileRef = AAA345A328D0F050001DC615 /* AppleMaps.xcdatamodeld */; };
		AAA345A728D0F051001DC615 /* Assets.xcassets in Resources */ = {isa = PBXBuildFile; fileRef = AAA345A628D0F051001DC615 /* Assets.xcassets */; };
		AAA345AA28D0F051001DC615 /* LaunchScreen.storyboard in Resources */ = {isa = PBXBuildFile; fileRef = AAA345A828D0F051001DC615 /* LaunchScreen.storyboard */; };
		AAA345B528D0F051001DC615 /* AppleMapsTests.swift in Sources */ = {isa = PBXBuildFile; fileRef = AAA345B428D0F051001DC615 /* AppleMapsTests.swift */; };
		AAA345BF28D0F051001DC615 /* AppleMapsUITests.swift in Sources */ = {isa = PBXBuildFile; fileRef = AAA345BE28D0F051001DC615 /* AppleMapsUITests.swift */; };
		AAA345C128D0F051001DC615 /* AppleMapsUITestsLaunchTests.swift in Sources */ = {isa = PBXBuildFile; fileRef = AAA345C028D0F051001DC615 /* AppleMapsUITestsLaunchTests.swift */; };
		AAA345CF28D0F132001DC615 /* MapViewModel.swift in Sources */ = {isa = PBXBuildFile; fileRef = AAA345CE28D0F132001DC615 /* MapViewModel.swift */; };
		AAA345D328D0FAD9001DC615 /* extension+MapView.swift in Sources */ = {isa = PBXBuildFile; fileRef = AAA345D228D0FAD9001DC615 /* extension+MapView.swift */; };
		AAA345D628D0FD08001DC615 /* NetworkModel.swift in Sources */ = {isa = PBXBuildFile; fileRef = AAA345D528D0FD08001DC615 /* NetworkModel.swift */; };
		AAA345D828D0FE31001DC615 /* HeroService.swift in Sources */ = {isa = PBXBuildFile; fileRef = AAA345D728D0FE31001DC615 /* HeroService.swift */; };
		AADBC08F28D1C97C007071E2 /* CoreDataManager.swift in Sources */ = {isa = PBXBuildFile; fileRef = AADBC08E28D1C97C007071E2 /* CoreDataManager.swift */; };
		AAECB7C328E46EFA00D866EB /* HeroMKAnnotationView.swift in Sources */ = {isa = PBXBuildFile; fileRef = AAECB7C228E46EFA00D866EB /* HeroMKAnnotationView.swift */; };
		AAECB7C528E4702400D866EB /* HeroMKAnnotationView.xib in Resources */ = {isa = PBXBuildFile; fileRef = AAECB7C428E4702400D866EB /* HeroMKAnnotationView.xib */; };
		AAECB7C828E477EE00D866EB /* KeychainSwift in Frameworks */ = {isa = PBXBuildFile; productRef = AAECB7C728E477EE00D866EB /* KeychainSwift */; };
		AAECB7CA28E47CCA00D866EB /* MapViewController.xib in Resources */ = {isa = PBXBuildFile; fileRef = AAECB7C928E47CCA00D866EB /* MapViewController.xib */; };
		AAFF2B7528DB7AAC00F2913A /* LoginViewModelTest.swift in Sources */ = {isa = PBXBuildFile; fileRef = AAFF2B7428DB7AAC00F2913A /* LoginViewModelTest.swift */; };
		AAFF2B7728DB7BC100F2913A /* NetworkModelSpy.swift in Sources */ = {isa = PBXBuildFile; fileRef = AAFF2B7628DB7BC100F2913A /* NetworkModelSpy.swift */; };
/* End PBXBuildFile section */

/* Begin PBXContainerItemProxy section */
		AAA345B128D0F051001DC615 /* PBXContainerItemProxy */ = {
			isa = PBXContainerItemProxy;
			containerPortal = AAA3458F28D0F050001DC615 /* Project object */;
			proxyType = 1;
			remoteGlobalIDString = AAA3459628D0F050001DC615;
			remoteInfo = AppleMaps;
		};
		AAA345BB28D0F051001DC615 /* PBXContainerItemProxy */ = {
			isa = PBXContainerItemProxy;
			containerPortal = AAA3458F28D0F050001DC615 /* Project object */;
			proxyType = 1;
			remoteGlobalIDString = AAA3459628D0F050001DC615;
			remoteInfo = AppleMaps;
		};
/* End PBXContainerItemProxy section */

/* Begin PBXFileReference section */
		AA0C8D1C28DE3A8000E00F56 /* HeroCordinates.swift */ = {isa = PBXFileReference; lastKnownFileType = sourcecode.swift; path = HeroCordinates.swift; sourceTree = "<group>"; };
		AA0C8D2328E08B2A00E00F56 /* KeyChainHelperSpy.swift */ = {isa = PBXFileReference; lastKnownFileType = sourcecode.swift; path = KeyChainHelperSpy.swift; sourceTree = "<group>"; };
		AA0C8D2528E0ECFC00E00F56 /* AppleMaps 2.xcdatamodel */ = {isa = PBXFileReference; lastKnownFileType = wrapper.xcdatamodel; path = "AppleMaps 2.xcdatamodel"; sourceTree = "<group>"; };
		AA108C9428E59C50003DB813 /* TableViewModel.swift */ = {isa = PBXFileReference; lastKnownFileType = sourcecode.swift; path = TableViewModel.swift; sourceTree = "<group>"; };
		AA108C9928E5A0EF003DB813 /* Hero+CoreDataClass.swift */ = {isa = PBXFileReference; lastKnownFileType = sourcecode.swift; path = "Hero+CoreDataClass.swift"; sourceTree = "<group>"; };
		AA108C9B28E5A1FB003DB813 /* HeroServices+CoreDataProperties.swift */ = {isa = PBXFileReference; lastKnownFileType = sourcecode.swift; path = "HeroServices+CoreDataProperties.swift"; sourceTree = "<group>"; };
		AA108C9D28E5A593003DB813 /* TableViewController.xib */ = {isa = PBXFileReference; lastKnownFileType = file.xib; path = TableViewController.xib; sourceTree = "<group>"; };
		AA108C9F28E5A5DD003DB813 /* TableViewController.swift */ = {isa = PBXFileReference; lastKnownFileType = sourcecode.swift; path = TableViewController.swift; sourceTree = "<group>"; };
		AA108CA228E5A7BD003DB813 /* TableViewCell.swift */ = {isa = PBXFileReference; lastKnownFileType = sourcecode.swift; path = TableViewCell.swift; sourceTree = "<group>"; };
		AA108CE728E5DF0D003DB813 /* TableViewCell.xib */ = {isa = PBXFileReference; fileEncoding = 4; lastKnownFileType = file.xib; name = TableViewCell.xib; path = ../../../../../TableViewCell.xib; sourceTree = "<group>"; };
		AA108CE928E5DFB1003DB813 /* UIImageViewExtension.swift */ = {isa = PBXFileReference; lastKnownFileType = sourcecode.swift; path = UIImageViewExtension.swift; sourceTree = "<group>"; };
		AA108CEB28E6025E003DB813 /* LocalDataModel.swift */ = {isa = PBXFileReference; lastKnownFileType = sourcecode.swift; path = LocalDataModel.swift; sourceTree = "<group>"; };
		AA14FA7528E4803600A236AA /* LoginViewController.xib */ = {isa = PBXFileReference; lastKnownFileType = file.xib; path = LoginViewController.xib; sourceTree = "<group>"; };
		AA4D836528E709C4001439FA /* HeroLocations+CoreDataClass.swift */ = {isa = PBXFileReference; lastKnownFileType = sourcecode.swift; path = "HeroLocations+CoreDataClass.swift"; sourceTree = "<group>"; };
		AA4D836628E709C4001439FA /* HeroLocations+CoreDataProperties.swift */ = {isa = PBXFileReference; lastKnownFileType = sourcecode.swift; path = "HeroLocations+CoreDataProperties.swift"; sourceTree = "<group>"; };
		AA5EC8D728D62F0600F4FA3B /* LoginViewModel.swift */ = {isa = PBXFileReference; lastKnownFileType = sourcecode.swift; path = LoginViewModel.swift; sourceTree = "<group>"; };
		AA5EC8D928D62F1800F4FA3B /* LoginViewController.swift */ = {isa = PBXFileReference; lastKnownFileType = sourcecode.swift; path = LoginViewController.swift; sourceTree = "<group>"; };
		AA5EC8DD28D6395600F4FA3B /* Info.plist */ = {isa = PBXFileReference; fileEncoding = 4; lastKnownFileType = text.plist.xml; path = Info.plist; sourceTree = "<group>"; };
		AAA3459728D0F050001DC615 /* AppleMaps.app */ = {isa = PBXFileReference; explicitFileType = wrapper.application; includeInIndex = 0; path = AppleMaps.app; sourceTree = BUILT_PRODUCTS_DIR; };
		AAA3459A28D0F050001DC615 /* AppDelegate.swift */ = {isa = PBXFileReference; lastKnownFileType = sourcecode.swift; path = AppDelegate.swift; sourceTree = "<group>"; };
		AAA3459C28D0F050001DC615 /* SceneDelegate.swift */ = {isa = PBXFileReference; lastKnownFileType = sourcecode.swift; path = SceneDelegate.swift; sourceTree = "<group>"; };
		AAA3459E28D0F050001DC615 /* MapViewController.swift */ = {isa = PBXFileReference; lastKnownFileType = sourcecode.swift; path = MapViewController.swift; sourceTree = "<group>"; };
		AAA345A428D0F050001DC615 /* AppleMaps.xcdatamodel */ = {isa = PBXFileReference; lastKnownFileType = wrapper.xcdatamodel; path = AppleMaps.xcdatamodel; sourceTree = "<group>"; };
		AAA345A628D0F051001DC615 /* Assets.xcassets */ = {isa = PBXFileReference; lastKnownFileType = folder.assetcatalog; path = Assets.xcassets; sourceTree = "<group>"; };
		AAA345A928D0F051001DC615 /* Base */ = {isa = PBXFileReference; lastKnownFileType = file.storyboard; name = Base; path = Base.lproj/LaunchScreen.storyboard; sourceTree = "<group>"; };
		AAA345B028D0F051001DC615 /* AppleMapsTests.xctest */ = {isa = PBXFileReference; explicitFileType = wrapper.cfbundle; includeInIndex = 0; path = AppleMapsTests.xctest; sourceTree = BUILT_PRODUCTS_DIR; };
		AAA345B428D0F051001DC615 /* AppleMapsTests.swift */ = {isa = PBXFileReference; lastKnownFileType = sourcecode.swift; path = AppleMapsTests.swift; sourceTree = "<group>"; };
		AAA345BA28D0F051001DC615 /* AppleMapsUITests.xctest */ = {isa = PBXFileReference; explicitFileType = wrapper.cfbundle; includeInIndex = 0; path = AppleMapsUITests.xctest; sourceTree = BUILT_PRODUCTS_DIR; };
		AAA345BE28D0F051001DC615 /* AppleMapsUITests.swift */ = {isa = PBXFileReference; lastKnownFileType = sourcecode.swift; path = AppleMapsUITests.swift; sourceTree = "<group>"; };
		AAA345C028D0F051001DC615 /* AppleMapsUITestsLaunchTests.swift */ = {isa = PBXFileReference; lastKnownFileType = sourcecode.swift; path = AppleMapsUITestsLaunchTests.swift; sourceTree = "<group>"; };
		AAA345CE28D0F132001DC615 /* MapViewModel.swift */ = {isa = PBXFileReference; lastKnownFileType = sourcecode.swift; path = MapViewModel.swift; sourceTree = "<group>"; };
		AAA345D228D0FAD9001DC615 /* extension+MapView.swift */ = {isa = PBXFileReference; lastKnownFileType = sourcecode.swift; path = "extension+MapView.swift"; sourceTree = "<group>"; };
		AAA345D528D0FD08001DC615 /* NetworkModel.swift */ = {isa = PBXFileReference; lastKnownFileType = sourcecode.swift; path = NetworkModel.swift; sourceTree = "<group>"; };
		AAA345D728D0FE31001DC615 /* HeroService.swift */ = {isa = PBXFileReference; lastKnownFileType = sourcecode.swift; path = HeroService.swift; sourceTree = "<group>"; };
		AADBC08E28D1C97C007071E2 /* CoreDataManager.swift */ = {isa = PBXFileReference; lastKnownFileType = sourcecode.swift; path = CoreDataManager.swift; sourceTree = "<group>"; };
		AAECB7C228E46EFA00D866EB /* HeroMKAnnotationView.swift */ = {isa = PBXFileReference; lastKnownFileType = sourcecode.swift; path = HeroMKAnnotationView.swift; sourceTree = "<group>"; };
		AAECB7C428E4702400D866EB /* HeroMKAnnotationView.xib */ = {isa = PBXFileReference; lastKnownFileType = file.xib; path = HeroMKAnnotationView.xib; sourceTree = "<group>"; };
		AAECB7C928E47CCA00D866EB /* MapViewController.xib */ = {isa = PBXFileReference; lastKnownFileType = file.xib; path = MapViewController.xib; sourceTree = "<group>"; };
		AAFF2B7428DB7AAC00F2913A /* LoginViewModelTest.swift */ = {isa = PBXFileReference; lastKnownFileType = sourcecode.swift; path = LoginViewModelTest.swift; sourceTree = "<group>"; };
		AAFF2B7628DB7BC100F2913A /* NetworkModelSpy.swift */ = {isa = PBXFileReference; lastKnownFileType = sourcecode.swift; path = NetworkModelSpy.swift; sourceTree = "<group>"; };
/* End PBXFileReference section */

/* Begin PBXFrameworksBuildPhase section */
		AAA3459428D0F050001DC615 /* Frameworks */ = {
			isa = PBXFrameworksBuildPhase;
			buildActionMask = 2147483647;
			files = (
				AAECB7C828E477EE00D866EB /* KeychainSwift in Frameworks */,
			);
			runOnlyForDeploymentPostprocessing = 0;
		};
		AAA345AD28D0F051001DC615 /* Frameworks */ = {
			isa = PBXFrameworksBuildPhase;
			buildActionMask = 2147483647;
			files = (
			);
			runOnlyForDeploymentPostprocessing = 0;
		};
		AAA345B728D0F051001DC615 /* Frameworks */ = {
			isa = PBXFrameworksBuildPhase;
			buildActionMask = 2147483647;
			files = (
			);
			runOnlyForDeploymentPostprocessing = 0;
		};
/* End PBXFrameworksBuildPhase section */

/* Begin PBXGroup section */
		AA0C8D1E28E086BA00E00F56 /* Testing */ = {
			isa = PBXGroup;
			children = (
				AA0C8D2028E086CA00E00F56 /* ViewController */,
				AA0C8D1F28E086C200E00F56 /* ViewModel */,
			);
			path = Testing;
			sourceTree = "<group>";
		};
		AA0C8D1F28E086C200E00F56 /* ViewModel */ = {
			isa = PBXGroup;
			children = (
				AAFF2B7428DB7AAC00F2913A /* LoginViewModelTest.swift */,
				AAA345B428D0F051001DC615 /* AppleMapsTests.swift */,
			);
			path = ViewModel;
			sourceTree = "<group>";
		};
		AA0C8D2028E086CA00E00F56 /* ViewController */ = {
			isa = PBXGroup;
			children = (
			);
			path = ViewController;
			sourceTree = "<group>";
		};
		AA0C8D2128E086F900E00F56 /* Spy */ = {
			isa = PBXGroup;
			children = (
				AAFF2B7628DB7BC100F2913A /* NetworkModelSpy.swift */,
				AA0C8D2328E08B2A00E00F56 /* KeyChainHelperSpy.swift */,
			);
			path = Spy;
			sourceTree = "<group>";
		};
		AA0C8D2228E0870300E00F56 /* Mock */ = {
			isa = PBXGroup;
			children = (
			);
			path = Mock;
			sourceTree = "<group>";
		};
		AA108C9628E59EE9003DB813 /* CoreData */ = {
			isa = PBXGroup;
			children = (
				AA4D836528E709C4001439FA /* HeroLocations+CoreDataClass.swift */,
				AA4D836628E709C4001439FA /* HeroLocations+CoreDataProperties.swift */,
				AA108C9928E5A0EF003DB813 /* Hero+CoreDataClass.swift */,
				AA108C9B28E5A1FB003DB813 /* HeroServices+CoreDataProperties.swift */,
			);
			path = CoreData;
			sourceTree = "<group>";
		};
		AA108CA128E5A7AD003DB813 /* Cells */ = {
			isa = PBXGroup;
			children = (
				AA108CA228E5A7BD003DB813 /* TableViewCell.swift */,
				AA108CE728E5DF0D003DB813 /* TableViewCell.xib */,
			);
			path = Cells;
			sourceTree = "<group>";
		};
		AA1C56CA28D6294B00D58104 /* Resources */ = {
			isa = PBXGroup;
			children = (
				AA108CA128E5A7AD003DB813 /* Cells */,
				AA14FA7528E4803600A236AA /* LoginViewController.xib */,
				AA108C9D28E5A593003DB813 /* TableViewController.xib */,
				AAECB7C928E47CCA00D866EB /* MapViewController.xib */,
				AAA345A828D0F051001DC615 /* LaunchScreen.storyboard */,
				AAA345A628D0F051001DC615 /* Assets.xcassets */,
			);
			path = Resources;
			sourceTree = "<group>";
		};
		AAA3458E28D0F04F001DC615 = {
			isa = PBXGroup;
			children = (
				AAA3459928D0F050001DC615 /* AppleMaps */,
				AAA345A328D0F050001DC615 /* AppleMaps.xcdatamodeld */,
				AAA345B328D0F051001DC615 /* AppleMapsTests */,
				AAA345BD28D0F051001DC615 /* AppleMapsUITests */,
				AAA3459828D0F050001DC615 /* Products */,
			);
			sourceTree = "<group>";
		};
		AAA3459828D0F050001DC615 /* Products */ = {
			isa = PBXGroup;
			children = (
				AAA3459728D0F050001DC615 /* AppleMaps.app */,
				AAA345B028D0F051001DC615 /* AppleMapsTests.xctest */,
				AAA345BA28D0F051001DC615 /* AppleMapsUITests.xctest */,
			);
			name = Products;
			sourceTree = "<group>";
		};
		AAA3459928D0F050001DC615 /* AppleMaps */ = {
			isa = PBXGroup;
			children = (
				AA5EC8DD28D6395600F4FA3B /* Info.plist */,
				AAA3459A28D0F050001DC615 /* AppDelegate.swift */,
				AAA3459C28D0F050001DC615 /* SceneDelegate.swift */,
				AAA345D428D0FCF3001DC615 /* Models */,
				AAA345D028D0F299001DC615 /* Views */,
				AAA345CD28D0F121001DC615 /* ViewModel */,
				AAA345D128D0FABA001DC615 /* Utils */,
				AA1C56CA28D6294B00D58104 /* Resources */,
			);
			path = AppleMaps;
			sourceTree = "<group>";
		};
		AAA345B328D0F051001DC615 /* AppleMapsTests */ = {
			isa = PBXGroup;
			children = (
				AA0C8D2228E0870300E00F56 /* Mock */,
				AA0C8D2128E086F900E00F56 /* Spy */,
				AA0C8D1E28E086BA00E00F56 /* Testing */,
			);
			path = AppleMapsTests;
			sourceTree = "<group>";
		};
		AAA345BD28D0F051001DC615 /* AppleMapsUITests */ = {
			isa = PBXGroup;
			children = (
				AAA345BE28D0F051001DC615 /* AppleMapsUITests.swift */,
				AAA345C028D0F051001DC615 /* AppleMapsUITestsLaunchTests.swift */,
			);
			path = AppleMapsUITests;
			sourceTree = "<group>";
		};
		AAA345CD28D0F121001DC615 /* ViewModel */ = {
			isa = PBXGroup;
			children = (
				AAA345CE28D0F132001DC615 /* MapViewModel.swift */,
				AA5EC8D728D62F0600F4FA3B /* LoginViewModel.swift */,
				AA108C9428E59C50003DB813 /* TableViewModel.swift */,
			);
			path = ViewModel;
			sourceTree = "<group>";
		};
		AAA345D028D0F299001DC615 /* Views */ = {
			isa = PBXGroup;
			children = (
				AAA3459E28D0F050001DC615 /* MapViewController.swift */,
				AA5EC8D928D62F1800F4FA3B /* LoginViewController.swift */,
				AA108C9F28E5A5DD003DB813 /* TableViewController.swift */,
			);
			path = Views;
			sourceTree = "<group>";
		};
		AAA345D128D0FABA001DC615 /* Utils */ = {
			isa = PBXGroup;
			children = (
				AAECB7C128E46ED600D866EB /* Views */,
				AAA345D228D0FAD9001DC615 /* extension+MapView.swift */,
				AAA345D528D0FD08001DC615 /* NetworkModel.swift */,
				AADBC08E28D1C97C007071E2 /* CoreDataManager.swift */,
				AA108CE928E5DFB1003DB813 /* UIImageViewExtension.swift */,
			);
			path = Utils;
			sourceTree = "<group>";
		};
		AAA345D428D0FCF3001DC615 /* Models */ = {
			isa = PBXGroup;
			children = (
				AA108C9628E59EE9003DB813 /* CoreData */,
				AAA345D728D0FE31001DC615 /* HeroService.swift */,
				AA0C8D1C28DE3A8000E00F56 /* HeroCordinates.swift */,
				AA108CEB28E6025E003DB813 /* LocalDataModel.swift */,
			);
			path = Models;
			sourceTree = "<group>";
		};
		AAECB7C128E46ED600D866EB /* Views */ = {
			isa = PBXGroup;
			children = (
				AAECB7C228E46EFA00D866EB /* HeroMKAnnotationView.swift */,
				AAECB7C428E4702400D866EB /* HeroMKAnnotationView.xib */,
			);
			path = Views;
			sourceTree = "<group>";
		};
/* End PBXGroup section */

/* Begin PBXNativeTarget section */
		AAA3459628D0F050001DC615 /* AppleMaps */ = {
			isa = PBXNativeTarget;
			buildConfigurationList = AAA345C428D0F051001DC615 /* Build configuration list for PBXNativeTarget "AppleMaps" */;
			buildPhases = (
				AAA3459328D0F050001DC615 /* Sources */,
				AAA3459428D0F050001DC615 /* Frameworks */,
				AAA3459528D0F050001DC615 /* Resources */,
			);
			buildRules = (
			);
			dependencies = (
			);
			name = AppleMaps;
			packageProductDependencies = (
				AAECB7C728E477EE00D866EB /* KeychainSwift */,
			);
			productName = AppleMaps;
			productReference = AAA3459728D0F050001DC615 /* AppleMaps.app */;
			productType = "com.apple.product-type.application";
		};
		AAA345AF28D0F051001DC615 /* AppleMapsTests */ = {
			isa = PBXNativeTarget;
			buildConfigurationList = AAA345C728D0F051001DC615 /* Build configuration list for PBXNativeTarget "AppleMapsTests" */;
			buildPhases = (
				AAA345AC28D0F051001DC615 /* Sources */,
				AAA345AD28D0F051001DC615 /* Frameworks */,
				AAA345AE28D0F051001DC615 /* Resources */,
			);
			buildRules = (
			);
			dependencies = (
				AAA345B228D0F051001DC615 /* PBXTargetDependency */,
			);
			name = AppleMapsTests;
			productName = AppleMapsTests;
			productReference = AAA345B028D0F051001DC615 /* AppleMapsTests.xctest */;
			productType = "com.apple.product-type.bundle.unit-test";
		};
		AAA345B928D0F051001DC615 /* AppleMapsUITests */ = {
			isa = PBXNativeTarget;
			buildConfigurationList = AAA345CA28D0F051001DC615 /* Build configuration list for PBXNativeTarget "AppleMapsUITests" */;
			buildPhases = (
				AAA345B628D0F051001DC615 /* Sources */,
				AAA345B728D0F051001DC615 /* Frameworks */,
				AAA345B828D0F051001DC615 /* Resources */,
			);
			buildRules = (
			);
			dependencies = (
				AAA345BC28D0F051001DC615 /* PBXTargetDependency */,
			);
			name = AppleMapsUITests;
			productName = AppleMapsUITests;
			productReference = AAA345BA28D0F051001DC615 /* AppleMapsUITests.xctest */;
			productType = "com.apple.product-type.bundle.ui-testing";
		};
/* End PBXNativeTarget section */

/* Begin PBXProject section */
		AAA3458F28D0F050001DC615 /* Project object */ = {
			isa = PBXProject;
			attributes = {
				BuildIndependentTargetsInParallel = 1;
				LastSwiftUpdateCheck = 1330;
				LastUpgradeCheck = 1330;
				TargetAttributes = {
					AAA3459628D0F050001DC615 = {
						CreatedOnToolsVersion = 13.3.1;
					};
					AAA345AF28D0F051001DC615 = {
						CreatedOnToolsVersion = 13.3.1;
						TestTargetID = AAA3459628D0F050001DC615;
					};
					AAA345B928D0F051001DC615 = {
						CreatedOnToolsVersion = 13.3.1;
						TestTargetID = AAA3459628D0F050001DC615;
					};
				};
			};
			buildConfigurationList = AAA3459228D0F050001DC615 /* Build configuration list for PBXProject "AppleMaps" */;
			compatibilityVersion = "Xcode 13.0";
			developmentRegion = en;
			hasScannedForEncodings = 0;
			knownRegions = (
				en,
				Base,
			);
			mainGroup = AAA3458E28D0F04F001DC615;
			packageReferences = (
				AAECB7C628E477EE00D866EB /* XCRemoteSwiftPackageReference "keychain-swift" */,
			);
			productRefGroup = AAA3459828D0F050001DC615 /* Products */;
			projectDirPath = "";
			projectRoot = "";
			targets = (
				AAA3459628D0F050001DC615 /* AppleMaps */,
				AAA345AF28D0F051001DC615 /* AppleMapsTests */,
				AAA345B928D0F051001DC615 /* AppleMapsUITests */,
			);
		};
/* End PBXProject section */

/* Begin PBXResourcesBuildPhase section */
		AAA3459528D0F050001DC615 /* Resources */ = {
			isa = PBXResourcesBuildPhase;
			buildActionMask = 2147483647;
			files = (
				AAECB7C528E4702400D866EB /* HeroMKAnnotationView.xib in Resources */,
				AA108C9E28E5A593003DB813 /* TableViewController.xib in Resources */,
				AA108CE828E5DF0D003DB813 /* TableViewCell.xib in Resources */,
				AAA345AA28D0F051001DC615 /* LaunchScreen.storyboard in Resources */,
				AA14FA7628E4803600A236AA /* LoginViewController.xib in Resources */,
				AAA345A728D0F051001DC615 /* Assets.xcassets in Resources */,
				AAECB7CA28E47CCA00D866EB /* MapViewController.xib in Resources */,
			);
			runOnlyForDeploymentPostprocessing = 0;
		};
		AAA345AE28D0F051001DC615 /* Resources */ = {
			isa = PBXResourcesBuildPhase;
			buildActionMask = 2147483647;
			files = (
			);
			runOnlyForDeploymentPostprocessing = 0;
		};
		AAA345B828D0F051001DC615 /* Resources */ = {
			isa = PBXResourcesBuildPhase;
			buildActionMask = 2147483647;
			files = (
			);
			runOnlyForDeploymentPostprocessing = 0;
		};
/* End PBXResourcesBuildPhase section */

/* Begin PBXSourcesBuildPhase section */
		AAA3459328D0F050001DC615 /* Sources */ = {
			isa = PBXSourcesBuildPhase;
			buildActionMask = 2147483647;
			files = (
				AAA345CF28D0F132001DC615 /* MapViewModel.swift in Sources */,
				AAA345D328D0FAD9001DC615 /* extension+MapView.swift in Sources */,
				AAA3459F28D0F050001DC615 /* MapViewController.swift in Sources */,
				AA108CA328E5A7BD003DB813 /* TableViewCell.swift in Sources */,
				AA108CEA28E5DFB1003DB813 /* UIImageViewExtension.swift in Sources */,
				AAA345D828D0FE31001DC615 /* HeroService.swift in Sources */,
				AA108C9A28E5A0EF003DB813 /* Hero+CoreDataClass.swift in Sources */,
				AAA345A528D0F050001DC615 /* AppleMaps.xcdatamodeld in Sources */,
				AA108CA028E5A5DD003DB813 /* TableViewController.swift in Sources */,
				AA108C9528E59C50003DB813 /* TableViewModel.swift in Sources */,
				AAA3459B28D0F050001DC615 /* AppDelegate.swift in Sources */,
				AADBC08F28D1C97C007071E2 /* CoreDataManager.swift in Sources */,
				AAA345D628D0FD08001DC615 /* NetworkModel.swift in Sources */,
				AA4D836828E709C4001439FA /* HeroLocations+CoreDataClass.swift in Sources */,
				AA108CEC28E6025E003DB813 /* LocalDataModel.swift in Sources */,
				AA0C8D1D28DE3A8000E00F56 /* HeroCordinates.swift in Sources */,
				AA5EC8D828D62F0600F4FA3B /* LoginViewModel.swift in Sources */,
				AA4D836928E709C4001439FA /* HeroLocations+CoreDataProperties.swift in Sources */,
				AAECB7C328E46EFA00D866EB /* HeroMKAnnotationView.swift in Sources */,
				AA108C9C28E5A1FB003DB813 /* HeroServices+CoreDataProperties.swift in Sources */,
				AAA3459D28D0F050001DC615 /* SceneDelegate.swift in Sources */,
				AA5EC8DA28D62F1800F4FA3B /* LoginViewController.swift in Sources */,
			);
			runOnlyForDeploymentPostprocessing = 0;
		};
		AAA345AC28D0F051001DC615 /* Sources */ = {
			isa = PBXSourcesBuildPhase;
			buildActionMask = 2147483647;
			files = (
				AAFF2B7528DB7AAC00F2913A /* LoginViewModelTest.swift in Sources */,
				AAA345B528D0F051001DC615 /* AppleMapsTests.swift in Sources */,
				AA0C8D2428E08B2A00E00F56 /* KeyChainHelperSpy.swift in Sources */,
				AAFF2B7728DB7BC100F2913A /* NetworkModelSpy.swift in Sources */,
			);
			runOnlyForDeploymentPostprocessing = 0;
		};
		AAA345B628D0F051001DC615 /* Sources */ = {
			isa = PBXSourcesBuildPhase;
			buildActionMask = 2147483647;
			files = (
				AAA345C128D0F051001DC615 /* AppleMapsUITestsLaunchTests.swift in Sources */,
				AAA345BF28D0F051001DC615 /* AppleMapsUITests.swift in Sources */,
			);
			runOnlyForDeploymentPostprocessing = 0;
		};
/* End PBXSourcesBuildPhase section */

/* Begin PBXTargetDependency section */
		AAA345B228D0F051001DC615 /* PBXTargetDependency */ = {
			isa = PBXTargetDependency;
			target = AAA3459628D0F050001DC615 /* AppleMaps */;
			targetProxy = AAA345B128D0F051001DC615 /* PBXContainerItemProxy */;
		};
		AAA345BC28D0F051001DC615 /* PBXTargetDependency */ = {
			isa = PBXTargetDependency;
			target = AAA3459628D0F050001DC615 /* AppleMaps */;
			targetProxy = AAA345BB28D0F051001DC615 /* PBXContainerItemProxy */;
		};
/* End PBXTargetDependency section */

/* Begin PBXVariantGroup section */
		AAA345A828D0F051001DC615 /* LaunchScreen.storyboard */ = {
			isa = PBXVariantGroup;
			children = (
				AAA345A928D0F051001DC615 /* Base */,
			);
			name = LaunchScreen.storyboard;
			sourceTree = "<group>";
		};
/* End PBXVariantGroup section */

/* Begin XCBuildConfiguration section */
		AAA345C228D0F051001DC615 /* Debug */ = {
			isa = XCBuildConfiguration;
			buildSettings = {
				ALWAYS_SEARCH_USER_PATHS = NO;
				CLANG_ANALYZER_NONNULL = YES;
				CLANG_ANALYZER_NUMBER_OBJECT_CONVERSION = YES_AGGRESSIVE;
				CLANG_CXX_LANGUAGE_STANDARD = "gnu++17";
				CLANG_ENABLE_MODULES = YES;
				CLANG_ENABLE_OBJC_ARC = YES;
				CLANG_ENABLE_OBJC_WEAK = YES;
				CLANG_WARN_BLOCK_CAPTURE_AUTORELEASING = YES;
				CLANG_WARN_BOOL_CONVERSION = YES;
				CLANG_WARN_COMMA = YES;
				CLANG_WARN_CONSTANT_CONVERSION = YES;
				CLANG_WARN_DEPRECATED_OBJC_IMPLEMENTATIONS = YES;
				CLANG_WARN_DIRECT_OBJC_ISA_USAGE = YES_ERROR;
				CLANG_WARN_DOCUMENTATION_COMMENTS = YES;
				CLANG_WARN_EMPTY_BODY = YES;
				CLANG_WARN_ENUM_CONVERSION = YES;
				CLANG_WARN_INFINITE_RECURSION = YES;
				CLANG_WARN_INT_CONVERSION = YES;
				CLANG_WARN_NON_LITERAL_NULL_CONVERSION = YES;
				CLANG_WARN_OBJC_IMPLICIT_RETAIN_SELF = YES;
				CLANG_WARN_OBJC_LITERAL_CONVERSION = YES;
				CLANG_WARN_OBJC_ROOT_CLASS = YES_ERROR;
				CLANG_WARN_QUOTED_INCLUDE_IN_FRAMEWORK_HEADER = YES;
				CLANG_WARN_RANGE_LOOP_ANALYSIS = YES;
				CLANG_WARN_STRICT_PROTOTYPES = YES;
				CLANG_WARN_SUSPICIOUS_MOVE = YES;
				CLANG_WARN_UNGUARDED_AVAILABILITY = YES_AGGRESSIVE;
				CLANG_WARN_UNREACHABLE_CODE = YES;
				CLANG_WARN__DUPLICATE_METHOD_MATCH = YES;
				COPY_PHASE_STRIP = NO;
				DEBUG_INFORMATION_FORMAT = dwarf;
				ENABLE_STRICT_OBJC_MSGSEND = YES;
				ENABLE_TESTABILITY = YES;
				GCC_C_LANGUAGE_STANDARD = gnu11;
				GCC_DYNAMIC_NO_PIC = NO;
				GCC_NO_COMMON_BLOCKS = YES;
				GCC_OPTIMIZATION_LEVEL = 0;
				GCC_PREPROCESSOR_DEFINITIONS = (
					"DEBUG=1",
					"$(inherited)",
				);
				GCC_WARN_64_TO_32_BIT_CONVERSION = YES;
				GCC_WARN_ABOUT_RETURN_TYPE = YES_ERROR;
				GCC_WARN_UNDECLARED_SELECTOR = YES;
				GCC_WARN_UNINITIALIZED_AUTOS = YES_AGGRESSIVE;
				GCC_WARN_UNUSED_FUNCTION = YES;
				GCC_WARN_UNUSED_VARIABLE = YES;
				IPHONEOS_DEPLOYMENT_TARGET = 15.4;
				MTL_ENABLE_DEBUG_INFO = INCLUDE_SOURCE;
				MTL_FAST_MATH = YES;
				ONLY_ACTIVE_ARCH = YES;
				SDKROOT = iphoneos;
				SWIFT_ACTIVE_COMPILATION_CONDITIONS = DEBUG;
				SWIFT_OPTIMIZATION_LEVEL = "-Onone";
			};
			name = Debug;
		};
		AAA345C328D0F051001DC615 /* Release */ = {
			isa = XCBuildConfiguration;
			buildSettings = {
				ALWAYS_SEARCH_USER_PATHS = NO;
				CLANG_ANALYZER_NONNULL = YES;
				CLANG_ANALYZER_NUMBER_OBJECT_CONVERSION = YES_AGGRESSIVE;
				CLANG_CXX_LANGUAGE_STANDARD = "gnu++17";
				CLANG_ENABLE_MODULES = YES;
				CLANG_ENABLE_OBJC_ARC = YES;
				CLANG_ENABLE_OBJC_WEAK = YES;
				CLANG_WARN_BLOCK_CAPTURE_AUTORELEASING = YES;
				CLANG_WARN_BOOL_CONVERSION = YES;
				CLANG_WARN_COMMA = YES;
				CLANG_WARN_CONSTANT_CONVERSION = YES;
				CLANG_WARN_DEPRECATED_OBJC_IMPLEMENTATIONS = YES;
				CLANG_WARN_DIRECT_OBJC_ISA_USAGE = YES_ERROR;
				CLANG_WARN_DOCUMENTATION_COMMENTS = YES;
				CLANG_WARN_EMPTY_BODY = YES;
				CLANG_WARN_ENUM_CONVERSION = YES;
				CLANG_WARN_INFINITE_RECURSION = YES;
				CLANG_WARN_INT_CONVERSION = YES;
				CLANG_WARN_NON_LITERAL_NULL_CONVERSION = YES;
				CLANG_WARN_OBJC_IMPLICIT_RETAIN_SELF = YES;
				CLANG_WARN_OBJC_LITERAL_CONVERSION = YES;
				CLANG_WARN_OBJC_ROOT_CLASS = YES_ERROR;
				CLANG_WARN_QUOTED_INCLUDE_IN_FRAMEWORK_HEADER = YES;
				CLANG_WARN_RANGE_LOOP_ANALYSIS = YES;
				CLANG_WARN_STRICT_PROTOTYPES = YES;
				CLANG_WARN_SUSPICIOUS_MOVE = YES;
				CLANG_WARN_UNGUARDED_AVAILABILITY = YES_AGGRESSIVE;
				CLANG_WARN_UNREACHABLE_CODE = YES;
				CLANG_WARN__DUPLICATE_METHOD_MATCH = YES;
				COPY_PHASE_STRIP = NO;
				DEBUG_INFORMATION_FORMAT = "dwarf-with-dsym";
				ENABLE_NS_ASSERTIONS = NO;
				ENABLE_STRICT_OBJC_MSGSEND = YES;
				GCC_C_LANGUAGE_STANDARD = gnu11;
				GCC_NO_COMMON_BLOCKS = YES;
				GCC_WARN_64_TO_32_BIT_CONVERSION = YES;
				GCC_WARN_ABOUT_RETURN_TYPE = YES_ERROR;
				GCC_WARN_UNDECLARED_SELECTOR = YES;
				GCC_WARN_UNINITIALIZED_AUTOS = YES_AGGRESSIVE;
				GCC_WARN_UNUSED_FUNCTION = YES;
				GCC_WARN_UNUSED_VARIABLE = YES;
				IPHONEOS_DEPLOYMENT_TARGET = 15.4;
				MTL_ENABLE_DEBUG_INFO = NO;
				MTL_FAST_MATH = YES;
				SDKROOT = iphoneos;
				SWIFT_COMPILATION_MODE = wholemodule;
				SWIFT_OPTIMIZATION_LEVEL = "-O";
				VALIDATE_PRODUCT = YES;
			};
			name = Release;
		};
		AAA345C528D0F051001DC615 /* Debug */ = {
			isa = XCBuildConfiguration;
			buildSettings = {
				ASSETCATALOG_COMPILER_APPICON_NAME = AppIcon;
				ASSETCATALOG_COMPILER_GLOBAL_ACCENT_COLOR_NAME = AccentColor;
				CODE_SIGN_STYLE = Automatic;
				CURRENT_PROJECT_VERSION = 1;
				GENERATE_INFOPLIST_FILE = YES;
				INFOPLIST_FILE = AppleMaps/Info.plist;
				INFOPLIST_KEY_NSLocationAlwaysAndWhenInUseUsageDescription = "Use locate Heros";
				INFOPLIST_KEY_NSLocationAlwaysUsageDescription = "Use locate Heros";
				INFOPLIST_KEY_NSLocationWhenInUseUsageDescription = "Use locate Heros";
				INFOPLIST_KEY_UIApplicationSupportsIndirectInputEvents = YES;
				INFOPLIST_KEY_UILaunchStoryboardName = LaunchScreen;
				INFOPLIST_KEY_UISupportedInterfaceOrientations_iPad = "UIInterfaceOrientationPortrait UIInterfaceOrientationPortraitUpsideDown UIInterfaceOrientationLandscapeLeft UIInterfaceOrientationLandscapeRight";
				INFOPLIST_KEY_UISupportedInterfaceOrientations_iPhone = "UIInterfaceOrientationPortrait UIInterfaceOrientationLandscapeLeft UIInterfaceOrientationLandscapeRight";
				LD_RUNPATH_SEARCH_PATHS = (
					"$(inherited)",
					"@executable_path/Frameworks",
				);
				MARKETING_VERSION = 1.0;
				PRODUCT_BUNDLE_IDENTIFIER = com.sergioserrano.AppleMaps;
				PRODUCT_NAME = "$(TARGET_NAME)";
				SWIFT_EMIT_LOC_STRINGS = YES;
				SWIFT_VERSION = 5.0;
				TARGETED_DEVICE_FAMILY = "1,2";
			};
			name = Debug;
		};
		AAA345C628D0F051001DC615 /* Release */ = {
			isa = XCBuildConfiguration;
			buildSettings = {
				ASSETCATALOG_COMPILER_APPICON_NAME = AppIcon;
				ASSETCATALOG_COMPILER_GLOBAL_ACCENT_COLOR_NAME = AccentColor;
				CODE_SIGN_STYLE = Automatic;
				CURRENT_PROJECT_VERSION = 1;
				GENERATE_INFOPLIST_FILE = YES;
				INFOPLIST_FILE = AppleMaps/Info.plist;
				INFOPLIST_KEY_NSLocationAlwaysAndWhenInUseUsageDescription = "Use locate Heros";
				INFOPLIST_KEY_NSLocationAlwaysUsageDescription = "Use locate Heros";
				INFOPLIST_KEY_NSLocationWhenInUseUsageDescription = "Use locate Heros";
				INFOPLIST_KEY_UIApplicationSupportsIndirectInputEvents = YES;
				INFOPLIST_KEY_UILaunchStoryboardName = LaunchScreen;
				INFOPLIST_KEY_UISupportedInterfaceOrientations_iPad = "UIInterfaceOrientationPortrait UIInterfaceOrientationPortraitUpsideDown UIInterfaceOrientationLandscapeLeft UIInterfaceOrientationLandscapeRight";
				INFOPLIST_KEY_UISupportedInterfaceOrientations_iPhone = "UIInterfaceOrientationPortrait UIInterfaceOrientationLandscapeLeft UIInterfaceOrientationLandscapeRight";
				LD_RUNPATH_SEARCH_PATHS = (
					"$(inherited)",
					"@executable_path/Frameworks",
				);
				MARKETING_VERSION = 1.0;
				PRODUCT_BUNDLE_IDENTIFIER = com.sergioserrano.AppleMaps;
				PRODUCT_NAME = "$(TARGET_NAME)";
				SWIFT_EMIT_LOC_STRINGS = YES;
				SWIFT_VERSION = 5.0;
				TARGETED_DEVICE_FAMILY = "1,2";
			};
			name = Release;
		};
		AAA345C828D0F051001DC615 /* Debug */ = {
			isa = XCBuildConfiguration;
			buildSettings = {
				ALWAYS_EMBED_SWIFT_STANDARD_LIBRARIES = YES;
				BUNDLE_LOADER = "$(TEST_HOST)";
				CODE_SIGN_STYLE = Automatic;
				CURRENT_PROJECT_VERSION = 1;
				GENERATE_INFOPLIST_FILE = YES;
				IPHONEOS_DEPLOYMENT_TARGET = 15.4;
				MARKETING_VERSION = 1.0;
				PRODUCT_BUNDLE_IDENTIFIER = com.sergioserrano.AppleMapsTests;
				PRODUCT_NAME = "$(TARGET_NAME)";
				SWIFT_EMIT_LOC_STRINGS = NO;
				SWIFT_VERSION = 5.0;
				TARGETED_DEVICE_FAMILY = "1,2";
				TEST_HOST = "$(BUILT_PRODUCTS_DIR)/AppleMaps.app/AppleMaps";
			};
			name = Debug;
		};
		AAA345C928D0F051001DC615 /* Release */ = {
			isa = XCBuildConfiguration;
			buildSettings = {
				ALWAYS_EMBED_SWIFT_STANDARD_LIBRARIES = YES;
				BUNDLE_LOADER = "$(TEST_HOST)";
				CODE_SIGN_STYLE = Automatic;
				CURRENT_PROJECT_VERSION = 1;
				GENERATE_INFOPLIST_FILE = YES;
				IPHONEOS_DEPLOYMENT_TARGET = 15.4;
				MARKETING_VERSION = 1.0;
				PRODUCT_BUNDLE_IDENTIFIER = com.sergioserrano.AppleMapsTests;
				PRODUCT_NAME = "$(TARGET_NAME)";
				SWIFT_EMIT_LOC_STRINGS = NO;
				SWIFT_VERSION = 5.0;
				TARGETED_DEVICE_FAMILY = "1,2";
				TEST_HOST = "$(BUILT_PRODUCTS_DIR)/AppleMaps.app/AppleMaps";
			};
			name = Release;
		};
		AAA345CB28D0F051001DC615 /* Debug */ = {
			isa = XCBuildConfiguration;
			buildSettings = {
				ALWAYS_EMBED_SWIFT_STANDARD_LIBRARIES = YES;
				CODE_SIGN_STYLE = Automatic;
				CURRENT_PROJECT_VERSION = 1;
				GENERATE_INFOPLIST_FILE = YES;
				MARKETING_VERSION = 1.0;
				PRODUCT_BUNDLE_IDENTIFIER = com.sergioserrano.AppleMapsUITests;
				PRODUCT_NAME = "$(TARGET_NAME)";
				SWIFT_EMIT_LOC_STRINGS = NO;
				SWIFT_VERSION = 5.0;
				TARGETED_DEVICE_FAMILY = "1,2";
				TEST_TARGET_NAME = AppleMaps;
			};
			name = Debug;
		};
		AAA345CC28D0F051001DC615 /* Release */ = {
			isa = XCBuildConfiguration;
			buildSettings = {
				ALWAYS_EMBED_SWIFT_STANDARD_LIBRARIES = YES;
				CODE_SIGN_STYLE = Automatic;
				CURRENT_PROJECT_VERSION = 1;
				GENERATE_INFOPLIST_FILE = YES;
				MARKETING_VERSION = 1.0;
				PRODUCT_BUNDLE_IDENTIFIER = com.sergioserrano.AppleMapsUITests;
				PRODUCT_NAME = "$(TARGET_NAME)";
				SWIFT_EMIT_LOC_STRINGS = NO;
				SWIFT_VERSION = 5.0;
				TARGETED_DEVICE_FAMILY = "1,2";
				TEST_TARGET_NAME = AppleMaps;
			};
			name = Release;
		};
/* End XCBuildConfiguration section */

/* Begin XCConfigurationList section */
		AAA3459228D0F050001DC615 /* Build configuration list for PBXProject "AppleMaps" */ = {
			isa = XCConfigurationList;
			buildConfigurations = (
				AAA345C228D0F051001DC615 /* Debug */,
				AAA345C328D0F051001DC615 /* Release */,
			);
			defaultConfigurationIsVisible = 0;
			defaultConfigurationName = Release;
		};
		AAA345C428D0F051001DC615 /* Build configuration list for PBXNativeTarget "AppleMaps" */ = {
			isa = XCConfigurationList;
			buildConfigurations = (
				AAA345C528D0F051001DC615 /* Debug */,
				AAA345C628D0F051001DC615 /* Release */,
			);
			defaultConfigurationIsVisible = 0;
			defaultConfigurationName = Release;
		};
		AAA345C728D0F051001DC615 /* Build configuration list for PBXNativeTarget "AppleMapsTests" */ = {
			isa = XCConfigurationList;
			buildConfigurations = (
				AAA345C828D0F051001DC615 /* Debug */,
				AAA345C928D0F051001DC615 /* Release */,
			);
			defaultConfigurationIsVisible = 0;
			defaultConfigurationName = Release;
		};
		AAA345CA28D0F051001DC615 /* Build configuration list for PBXNativeTarget "AppleMapsUITests" */ = {
			isa = XCConfigurationList;
			buildConfigurations = (
				AAA345CB28D0F051001DC615 /* Debug */,
				AAA345CC28D0F051001DC615 /* Release */,
			);
			defaultConfigurationIsVisible = 0;
			defaultConfigurationName = Release;
		};
/* End XCConfigurationList section */

/* Begin XCRemoteSwiftPackageReference section */
		AAECB7C628E477EE00D866EB /* XCRemoteSwiftPackageReference "keychain-swift" */ = {
			isa = XCRemoteSwiftPackageReference;
			repositoryURL = "http://github.com/evgenyneu/keychain-swift";
			requirement = {
				branch = master;
				kind = branch;
			};
		};
/* End XCRemoteSwiftPackageReference section */

/* Begin XCSwiftPackageProductDependency section */
		AAECB7C728E477EE00D866EB /* KeychainSwift */ = {
			isa = XCSwiftPackageProductDependency;
			package = AAECB7C628E477EE00D866EB /* XCRemoteSwiftPackageReference "keychain-swift" */;
			productName = KeychainSwift;
		};
/* End XCSwiftPackageProductDependency section */

/* Begin XCVersionGroup section */
		AAA345A328D0F050001DC615 /* AppleMaps.xcdatamodeld */ = {
			isa = XCVersionGroup;
			children = (
				AA0C8D2528E0ECFC00E00F56 /* AppleMaps 2.xcdatamodel */,
				AAA345A428D0F050001DC615 /* AppleMaps.xcdatamodel */,
			);
			currentVersion = AAA345A428D0F050001DC615 /* AppleMaps.xcdatamodel */;
			path = AppleMaps.xcdatamodeld;
			sourceTree = "<group>";
			versionGroupType = wrapper.xcdatamodel;
		};
/* End XCVersionGroup section */
	};
	rootObject = AAA3458F28D0F050001DC615 /* Project object */;
}
